<?xml version="1.0" encoding="UTF-8"?>
<Scheme
   LastUpgradeVersion = "1640"
   version = "1.7">
   <BuildAction
      parallelizeBuildables = "YES"
      buildImplicitDependencies = "YES"
      buildArchitectures = "Automatic">
      <BuildActionEntries>
         <BuildActionEntry
            buildForTesting = "YES"
            buildForRunning = "YES"
            buildForProfiling = "YES"
            buildForArchiving = "YES"
            buildForAnalyzing = "YES">
            <BuildableReference
               BuildableIdentifier = "primary"
               BlueprintIdentifier = "1FC473802E1ACD52009FDF11"
               BuildableName = "SoundFileClassifier"
               BlueprintName = "SoundFileClassifier"
               ReferencedContainer = "container:SoundFileClassifier.xcodeproj">
            </BuildableReference>
         </BuildActionEntry>
      </BuildActionEntries>
   </BuildAction>
   <TestAction
      buildConfiguration = "Debug"
      selectedDebuggerIdentifier = "Xcode.DebuggerFoundation.Debugger.LLDB"
      selectedLauncherIdentifier = "Xcode.DebuggerFoundation.Launcher.LLDB"
      shouldUseLaunchSchemeArgsEnv = "YES"
      shouldAutocreateTestPlan = "YES">
   </TestAction>
   <LaunchAction
      buildConfiguration = "Debug"
      selectedDebuggerIdentifier = "Xcode.DebuggerFoundation.Debugger.LLDB"
      selectedLauncherIdentifier = "Xcode.DebuggerFoundation.Launcher.LLDB"
      launchStyle = "0"
      useCustomWorkingDirectory = "NO"
      ignoresPersistentStateOnLaunch = "NO"
      debugDocumentVersioning = "YES"
      debugServiceExtension = "internal"
      allowLocationSimulation = "YES"
      viewDebuggingEnabled = "No">
      <BuildableProductRunnable
         runnableDebuggingMode = "0">
         <BuildableReference
            BuildableIdentifier = "primary"
            BlueprintIdentifier = "1FC473802E1ACD52009FDF11"
            BuildableName = "SoundFileClassifier"
            BlueprintName = "SoundFileClassifier"
            ReferencedContainer = "container:SoundFileClassifier.xcodeproj">
         </BuildableReference>
      </BuildableProductRunnable>
      <CommandLineArguments>
         <CommandLineArgument
            argument = "/Users/aleksandr/Documents/Projects/StandUP_project/data/audio/&#x412;&#x430;&#x43d;&#x44f; &#x423;&#x441;&#x43e;&#x432;&#x438;&#x447; &#xff02;&#x415;&#x429;&#x415; &#x41e;&#x414;&#x418;&#x41d; &#x414;&#x415;&#x41d;&#x42c;&#xff02; 2020.wav"
            isEnabled = "YES">
         </CommandLineArgument>
         <CommandLineArgument
            argument = "/Users/aleksandr/Documents/Projects/StandUP_project/data/laughter_segmentation_json/&#x412;&#x430;&#x43d;&#x44f; &#x423;&#x441;&#x43e;&#x432;&#x438;&#x447; &#xff02;&#x415;&#x429;&#x415; &#x41e;&#x414;&#x418;&#x41d; &#x414;&#x415;&#x41d;&#x42c;&#xff02; 2020.json/Swift_test.json"
            isEnabled = "YES">
         </CommandLineArgument>
      </CommandLineArguments>
   </LaunchAction>
   <ProfileAction
      buildConfiguration = "Release"
      shouldUseLaunchSchemeArgsEnv = "YES"
      savedToolIdentifier = ""
      useCustomWorkingDirectory = "NO"
      debugDocumentVersioning = "YES">
      <BuildableProductRunnable
         runnableDebuggingMode = "0">
         <BuildableReference
            BuildableIdentifier = "primary"
            BlueprintIdentifier = "1FC473802E1ACD52009FDF11"
            BuildableName = "SoundFileClassifier"
            BlueprintName = "SoundFileClassifier"
            ReferencedContainer = "container:SoundFileClassifier.xcodeproj">
         </BuildableReference>
      </BuildableProductRunnable>
   </ProfileAction>
   <AnalyzeAction
      buildConfiguration = "Debug">
   </AnalyzeAction>
   <ArchiveAction
      buildConfiguration = "Release"
      revealArchiveInOrganizer = "YES">
   </ArchiveAction>
</Scheme>
